
Microsoft Visual Studio Solution File, Format Version 12.00
# Visual Studio Version 17
VisualStudioVersion = 17.1.32228.430
MinimumVisualStudioVersion = 10.0.40219.1
Project("{FAE04EC0-301F-11D3-BF4B-00C04F79EFBC}") = "AS2122_4E_INF_LucianoRaffaeleMattia_GestioneArticoli", "AS2122_4E_INF_LucianoRaffaeleMattia_GestioneArticoli\AS2122_4E_INF_LucianoRaffaeleMattia_GestioneArticoli.csproj", "{78EB3D63-78B2-4FC5-8D8F-26EA9E506E08}"
EndProject
Global
	GlobalSection(SolutionConfigurationPlatforms) = preSolution
		Debug|Any CPU = Debug|Any CPU
		Release|Any CPU = Release|Any CPU
	EndGlobalSection
	GlobalSection(ProjectConfigurationPlatforms) = postSolution
		{78EB3D63-78B2-4FC5-8D8F-26EA9E506E08}.Debug|Any CPU.ActiveCfg = Debug|Any CPU
		{78EB3D63-78B2-4FC5-8D8F-26EA9E506E08}.Debug|Any CPU.Build.0 = Debug|Any CPU
		{78EB3D63-78B2-4FC5-8D8F-26EA9E506E08}.Release|Any CPU.ActiveCfg = Release|Any CPU
		{78EB3D63-78B2-4FC5-8D8F-26EA9E506E08}.Release|Any CPU.Build.0 = Release|Any CPU
	EndGlobalSection
	GlobalSection(SolutionProperties) = preSolution
		HideSolutionNode = FALSE
	EndGlobalSection
	GlobalSection(ExtensibilityGlobals) = postSolution
		SolutionGuid = {F651B12A-79B6-4695-97C4-9667738814FE}
	EndGlobalSection
EndGlobal
